
Microsoft Visual Studio Solution File, Format Version 12.00
# Visual Studio 15
VisualStudioVersion = 15.0.26730.10
MinimumVisualStudioVersion = 10.0.40219.1
Project("{FAE04EC0-301F-11D3-BF4B-00C04F79EFBC}") = "TestHtmlAgility.Android", "TestHtmlAgility\TestHtmlAgility.Android\TestHtmlAgility.Android.csproj", "{830288B3-AE6D-4CFA-AD94-AACF4979EC3F}"
EndProject
Project("{FAE04EC0-301F-11D3-BF4B-00C04F79EFBC}") = "TestHtmlAgility", "TestHtmlAgility\TestHtmlAgility\TestHtmlAgility.csproj", "{18A0AF2D-7B8C-4A00-B0E0-00C3079A478F}"
EndProject
Project("{FAE04EC0-301F-11D3-BF4B-00C04F79EFBC}") = "TestHtmlAgility.UWP", "TestHtmlAgility\TestHtmlAgility.UWP\TestHtmlAgility.UWP.csproj", "{C2770C52-9F57-4D28-9782-69629BE622AF}"
EndProject
Project("{FAE04EC0-301F-11D3-BF4B-00C04F79EFBC}") = "TestHtmlAgility.iOS", "TestHtmlAgility\TestHtmlAgility.iOS\TestHtmlAgility.iOS.csproj", "{8362BF6E-B132-426F-A01B-1C8A2719FDBE}"
EndProject
Global
	GlobalSection(SolutionConfigurationPlatforms) = preSolution
		Ad-Hoc|Any CPU = Ad-Hoc|Any CPU
		Ad-Hoc|ARM = Ad-Hoc|ARM
		Ad-Hoc|iPhone = Ad-Hoc|iPhone
		Ad-Hoc|iPhoneSimulator = Ad-Hoc|iPhoneSimulator
		Ad-Hoc|x64 = Ad-Hoc|x64
		Ad-Hoc|x86 = Ad-Hoc|x86
		AppStore|Any CPU = AppStore|Any CPU
		AppStore|ARM = AppStore|ARM
		AppStore|iPhone = AppStore|iPhone
		AppStore|iPhoneSimulator = AppStore|iPhoneSimulator
		AppStore|x64 = AppStore|x64
		AppStore|x86 = AppStore|x86
		Debug|Any CPU = Debug|Any CPU
		Debug|ARM = Debug|ARM
		Debug|iPhone = Debug|iPhone
		Debug|iPhoneSimulator = Debug|iPhoneSimulator
		Debug|x64 = Debug|x64
		Debug|x86 = Debug|x86
		Release|Any CPU = Release|Any CPU
		Release|ARM = Release|ARM
		Release|iPhone = Release|iPhone
		Release|iPhoneSimulator = Release|iPhoneSimulator
		Release|x64 = Release|x64
		Release|x86 = Release|x86
	EndGlobalSection
	GlobalSection(ProjectConfigurationPlatforms) = postSolution
		{830288B3-AE6D-4CFA-AD94-AACF4979EC3F}.Ad-Hoc|Any CPU.ActiveCfg = Release|Any CPU
		{830288B3-AE6D-4CFA-AD94-AACF4979EC3F}.Ad-Hoc|Any CPU.Build.0 = Release|Any CPU
		{830288B3-AE6D-4CFA-AD94-AACF4979EC3F}.Ad-Hoc|Any CPU.Deploy.0 = Release|Any CPU
		{830288B3-AE6D-4CFA-AD94-AACF4979EC3F}.Ad-Hoc|ARM.ActiveCfg = Release|Any CPU
		{830288B3-AE6D-4CFA-AD94-AACF4979EC3F}.Ad-Hoc|ARM.Build.0 = Release|Any CPU
		{830288B3-AE6D-4CFA-AD94-AACF4979EC3F}.Ad-Hoc|ARM.Deploy.0 = Release|Any CPU
		{830288B3-AE6D-4CFA-AD94-AACF4979EC3F}.Ad-Hoc|iPhone.ActiveCfg = Release|Any CPU
		{830288B3-AE6D-4CFA-AD94-AACF4979EC3F}.Ad-Hoc|iPhone.Build.0 = Release|Any CPU
		{830288B3-AE6D-4CFA-AD94-AACF4979EC3F}.Ad-Hoc|iPhone.Deploy.0 = Release|Any CPU
		{830288B3-AE6D-4CFA-AD94-AACF4979EC3F}.Ad-Hoc|iPhoneSimulator.ActiveCfg = Release|Any CPU
		{830288B3-AE6D-4CFA-AD94-AACF4979EC3F}.Ad-Hoc|iPhoneSimulator.Build.0 = Release|Any CPU
		{830288B3-AE6D-4CFA-AD94-AACF4979EC3F}.Ad-Hoc|iPhoneSimulator.Deploy.0 = Release|Any CPU
		{830288B3-AE6D-4CFA-AD94-AACF4979EC3F}.Ad-Hoc|x64.ActiveCfg = Release|Any CPU
		{830288B3-AE6D-4CFA-AD94-AACF4979EC3F}.Ad-Hoc|x64.Build.0 = Release|Any CPU
		{830288B3-AE6D-4CFA-AD94-AACF4979EC3F}.Ad-Hoc|x64.Deploy.0 = Release|Any CPU
		{830288B3-AE6D-4CFA-AD94-AACF4979EC3F}.Ad-Hoc|x86.ActiveCfg = Release|Any CPU
		{830288B3-AE6D-4CFA-AD94-AACF4979EC3F}.Ad-Hoc|x86.Build.0 = Release|Any CPU
		{830288B3-AE6D-4CFA-AD94-AACF4979EC3F}.Ad-Hoc|x86.Deploy.0 = Release|Any CPU
		{830288B3-AE6D-4CFA-AD94-AACF4979EC3F}.AppStore|Any CPU.ActiveCfg = Release|Any CPU
		{830288B3-AE6D-4CFA-AD94-AACF4979EC3F}.AppStore|Any CPU.Build.0 = Release|Any CPU
		{830288B3-AE6D-4CFA-AD94-AACF4979EC3F}.AppStore|Any CPU.Deploy.0 = Release|Any CPU
		{830288B3-AE6D-4CFA-AD94-AACF4979EC3F}.AppStore|ARM.ActiveCfg = Release|Any CPU
		{830288B3-AE6D-4CFA-AD94-AACF4979EC3F}.AppStore|ARM.Build.0 = Release|Any CPU
		{830288B3-AE6D-4CFA-AD94-AACF4979EC3F}.AppStore|ARM.Deploy.0 = Release|Any CPU
		{830288B3-AE6D-4CFA-AD94-AACF4979EC3F}.AppStore|iPhone.ActiveCfg = Release|Any CPU
		{830288B3-AE6D-4CFA-AD94-AACF4979EC3F}.AppStore|iPhone.Build.0 = Release|Any CPU
		{830288B3-AE6D-4CFA-AD94-AACF4979EC3F}.AppStore|iPhone.Deploy.0 = Release|Any CPU
		{830288B3-AE6D-4CFA-AD94-AACF4979EC3F}.AppStore|iPhoneSimulator.ActiveCfg = Release|Any CPU
		{830288B3-AE6D-4CFA-AD94-AACF4979EC3F}.AppStore|iPhoneSimulator.Build.0 = Release|Any CPU
		{830288B3-AE6D-4CFA-AD94-AACF4979EC3F}.AppStore|iPhoneSimulator.Deploy.0 = Release|Any CPU
		{830288B3-AE6D-4CFA-AD94-AACF4979EC3F}.AppStore|x64.ActiveCfg = Release|Any CPU
		{830288B3-AE6D-4CFA-AD94-AACF4979EC3F}.AppStore|x64.Build.0 = Release|Any CPU
		{830288B3-AE6D-4CFA-AD94-AACF4979EC3F}.AppStore|x64.Deploy.0 = Release|Any CPU
		{830288B3-AE6D-4CFA-AD94-AACF4979EC3F}.AppStore|x86.ActiveCfg = Release|Any CPU
		{830288B3-AE6D-4CFA-AD94-AACF4979EC3F}.AppStore|x86.Build.0 = Release|Any CPU
		{830288B3-AE6D-4CFA-AD94-AACF4979EC3F}.AppStore|x86.Deploy.0 = Release|Any CPU
		{830288B3-AE6D-4CFA-AD94-AACF4979EC3F}.Debug|Any CPU.ActiveCfg = Debug|Any CPU
		{830288B3-AE6D-4CFA-AD94-AACF4979EC3F}.Debug|Any CPU.Build.0 = Debug|Any CPU
		{830288B3-AE6D-4CFA-AD94-AACF4979EC3F}.Debug|Any CPU.Deploy.0 = Debug|Any CPU
		{830288B3-AE6D-4CFA-AD94-AACF4979EC3F}.Debug|ARM.ActiveCfg = Debug|Any CPU
		{830288B3-AE6D-4CFA-AD94-AACF4979EC3F}.Debug|ARM.Build.0 = Debug|Any CPU
		{830288B3-AE6D-4CFA-AD94-AACF4979EC3F}.Debug|ARM.Deploy.0 = Debug|Any CPU
		{830288B3-AE6D-4CFA-AD94-AACF4979EC3F}.Debug|iPhone.ActiveCfg = Debug|Any CPU
		{830288B3-AE6D-4CFA-AD94-AACF4979EC3F}.Debug|iPhone.Build.0 = Debug|Any CPU
		{830288B3-AE6D-4CFA-AD94-AACF4979EC3F}.Debug|iPhone.Deploy.0 = Debug|Any CPU
		{830288B3-AE6D-4CFA-AD94-AACF4979EC3F}.Debug|iPhoneSimulator.ActiveCfg = Debug|Any CPU
		{830288B3-AE6D-4CFA-AD94-AACF4979EC3F}.Debug|iPhoneSimulator.Build.0 = Debug|Any CPU
		{830288B3-AE6D-4CFA-AD94-AACF4979EC3F}.Debug|iPhoneSimulator.Deploy.0 = Debug|Any CPU
		{830288B3-AE6D-4CFA-AD94-AACF4979EC3F}.Debug|x64.ActiveCfg = Debug|Any CPU
		{830288B3-AE6D-4CFA-AD94-AACF4979EC3F}.Debug|x64.Build.0 = Debug|Any CPU
		{830288B3-AE6D-4CFA-AD94-AACF4979EC3F}.Debug|x64.Deploy.0 = Debug|Any CPU
		{830288B3-AE6D-4CFA-AD94-AACF4979EC3F}.Debug|x86.ActiveCfg = Debug|Any CPU
		{830288B3-AE6D-4CFA-AD94-AACF4979EC3F}.Debug|x86.Build.0 = Debug|Any CPU
		{830288B3-AE6D-4CFA-AD94-AACF4979EC3F}.Debug|x86.Deploy.0 = Debug|Any CPU
		{830288B3-AE6D-4CFA-AD94-AACF4979EC3F}.Release|Any CPU.ActiveCfg = Release|Any CPU
		{830288B3-AE6D-4CFA-AD94-AACF4979EC3F}.Release|Any CPU.Build.0 = Release|Any CPU
		{830288B3-AE6D-4CFA-AD94-AACF4979EC3F}.Release|Any CPU.Deploy.0 = Release|Any CPU
		{830288B3-AE6D-4CFA-AD94-AACF4979EC3F}.Release|ARM.ActiveCfg = Release|Any CPU
		{830288B3-AE6D-4CFA-AD94-AACF4979EC3F}.Release|ARM.Build.0 = Release|Any CPU
		{830288B3-AE6D-4CFA-AD94-AACF4979EC3F}.Release|ARM.Deploy.0 = Release|Any CPU
		{830288B3-AE6D-4CFA-AD94-AACF4979EC3F}.Release|iPhone.ActiveCfg = Release|Any CPU
		{830288B3-AE6D-4CFA-AD94-AACF4979EC3F}.Release|iPhone.Build.0 = Release|Any CPU
		{830288B3-AE6D-4CFA-AD94-AACF4979EC3F}.Release|iPhone.Deploy.0 = Release|Any CPU
		{830288B3-AE6D-4CFA-AD94-AACF4979EC3F}.Release|iPhoneSimulator.ActiveCfg = Release|Any CPU
		{830288B3-AE6D-4CFA-AD94-AACF4979EC3F}.Release|iPhoneSimulator.Build.0 = Release|Any CPU
		{830288B3-AE6D-4CFA-AD94-AACF4979EC3F}.Release|iPhoneSimulator.Deploy.0 = Release|Any CPU
		{830288B3-AE6D-4CFA-AD94-AACF4979EC3F}.Release|x64.ActiveCfg = Release|Any CPU
		{830288B3-AE6D-4CFA-AD94-AACF4979EC3F}.Release|x64.Build.0 = Release|Any CPU
		{830288B3-AE6D-4CFA-AD94-AACF4979EC3F}.Release|x64.Deploy.0 = Release|Any CPU
		{830288B3-AE6D-4CFA-AD94-AACF4979EC3F}.Release|x86.ActiveCfg = Release|Any CPU
		{830288B3-AE6D-4CFA-AD94-AACF4979EC3F}.Release|x86.Build.0 = Release|Any CPU
		{830288B3-AE6D-4CFA-AD94-AACF4979EC3F}.Release|x86.Deploy.0 = Release|Any CPU
		{18A0AF2D-7B8C-4A00-B0E0-00C3079A478F}.Ad-Hoc|Any CPU.ActiveCfg = Release|Any CPU
		{18A0AF2D-7B8C-4A00-B0E0-00C3079A478F}.Ad-Hoc|Any CPU.Build.0 = Release|Any CPU
		{18A0AF2D-7B8C-4A00-B0E0-00C3079A478F}.Ad-Hoc|ARM.ActiveCfg = Release|Any CPU
		{18A0AF2D-7B8C-4A00-B0E0-00C3079A478F}.Ad-Hoc|ARM.Build.0 = Release|Any CPU
		{18A0AF2D-7B8C-4A00-B0E0-00C3079A478F}.Ad-Hoc|iPhone.ActiveCfg = Release|Any CPU
		{18A0AF2D-7B8C-4A00-B0E0-00C3079A478F}.Ad-Hoc|iPhone.Build.0 = Release|Any CPU
		{18A0AF2D-7B8C-4A00-B0E0-00C3079A478F}.Ad-Hoc|iPhoneSimulator.ActiveCfg = Release|Any CPU
		{18A0AF2D-7B8C-4A00-B0E0-00C3079A478F}.Ad-Hoc|iPhoneSimulator.Build.0 = Release|Any CPU
		{18A0AF2D-7B8C-4A00-B0E0-00C3079A478F}.Ad-Hoc|x64.ActiveCfg = Release|Any CPU
		{18A0AF2D-7B8C-4A00-B0E0-00C3079A478F}.Ad-Hoc|x64.Build.0 = Release|Any CPU
		{18A0AF2D-7B8C-4A00-B0E0-00C3079A478F}.Ad-Hoc|x86.ActiveCfg = Release|Any CPU
		{18A0AF2D-7B8C-4A00-B0E0-00C3079A478F}.Ad-Hoc|x86.Build.0 = Release|Any CPU
		{18A0AF2D-7B8C-4A00-B0E0-00C3079A478F}.AppStore|Any CPU.ActiveCfg = Release|Any CPU
		{18A0AF2D-7B8C-4A00-B0E0-00C3079A478F}.AppStore|Any CPU.Build.0 = Release|Any CPU
		{18A0AF2D-7B8C-4A00-B0E0-00C3079A478F}.AppStore|ARM.ActiveCfg = Release|Any CPU
		{18A0AF2D-7B8C-4A00-B0E0-00C3079A478F}.AppStore|ARM.Build.0 = Release|Any CPU
		{18A0AF2D-7B8C-4A00-B0E0-00C3079A478F}.AppStore|iPhone.ActiveCfg = Release|Any CPU
		{18A0AF2D-7B8C-4A00-B0E0-00C3079A478F}.AppStore|iPhone.Build.0 = Release|Any CPU
		{18A0AF2D-7B8C-4A00-B0E0-00C3079A478F}.AppStore|iPhoneSimulator.ActiveCfg = Release|Any CPU
		{18A0AF2D-7B8C-4A00-B0E0-00C3079A478F}.AppStore|iPhoneSimulator.Build.0 = Release|Any CPU
		{18A0AF2D-7B8C-4A00-B0E0-00C3079A478F}.AppStore|x64.ActiveCfg = Release|Any CPU
		{18A0AF2D-7B8C-4A00-B0E0-00C3079A478F}.AppStore|x64.Build.0 = Release|Any CPU
		{18A0AF2D-7B8C-4A00-B0E0-00C3079A478F}.AppStore|x86.ActiveCfg = Release|Any CPU
		{18A0AF2D-7B8C-4A00-B0E0-00C3079A478F}.AppStore|x86.Build.0 = Release|Any CPU
		{18A0AF2D-7B8C-4A00-B0E0-00C3079A478F}.Debug|Any CPU.ActiveCfg = Debug|Any CPU
		{18A0AF2D-7B8C-4A00-B0E0-00C3079A478F}.Debug|Any CPU.Build.0 = Debug|Any CPU
		{18A0AF2D-7B8C-4A00-B0E0-00C3079A478F}.Debug|ARM.ActiveCfg = Debug|Any CPU
		{18A0AF2D-7B8C-4A00-B0E0-00C3079A478F}.Debug|ARM.Build.0 = Debug|Any CPU
		{18A0AF2D-7B8C-4A00-B0E0-00C3079A478F}.Debug|iPhone.ActiveCfg = Debug|Any CPU
		{18A0AF2D-7B8C-4A00-B0E0-00C3079A478F}.Debug|iPhone.Build.0 = Debug|Any CPU
		{18A0AF2D-7B8C-4A00-B0E0-00C3079A478F}.Debug|iPhoneSimulator.ActiveCfg = Debug|Any CPU
		{18A0AF2D-7B8C-4A00-B0E0-00C3079A478F}.Debug|iPhoneSimulator.Build.0 = Debug|Any CPU
		{18A0AF2D-7B8C-4A00-B0E0-00C3079A478F}.Debug|x64.ActiveCfg = Debug|Any CPU
		{18A0AF2D-7B8C-4A00-B0E0-00C3079A478F}.Debug|x64.Build.0 = Debug|Any CPU
		{18A0AF2D-7B8C-4A00-B0E0-00C3079A478F}.Debug|x86.ActiveCfg = Debug|Any CPU
		{18A0AF2D-7B8C-4A00-B0E0-00C3079A478F}.Debug|x86.Build.0 = Debug|Any CPU
		{18A0AF2D-7B8C-4A00-B0E0-00C3079A478F}.Release|Any CPU.ActiveCfg = Release|Any CPU
		{18A0AF2D-7B8C-4A00-B0E0-00C3079A478F}.Release|Any CPU.Build.0 = Release|Any CPU
		{18A0AF2D-7B8C-4A00-B0E0-00C3079A478F}.Release|ARM.ActiveCfg = Release|Any CPU
		{18A0AF2D-7B8C-4A00-B0E0-00C3079A478F}.Release|ARM.Build.0 = Release|Any CPU
		{18A0AF2D-7B8C-4A00-B0E0-00C3079A478F}.Release|iPhone.ActiveCfg = Release|Any CPU
		{18A0AF2D-7B8C-4A00-B0E0-00C3079A478F}.Release|iPhone.Build.0 = Release|Any CPU
		{18A0AF2D-7B8C-4A00-B0E0-00C3079A478F}.Release|iPhoneSimulator.ActiveCfg = Release|Any CPU
		{18A0AF2D-7B8C-4A00-B0E0-00C3079A478F}.Release|iPhoneSimulator.Build.0 = Release|Any CPU
		{18A0AF2D-7B8C-4A00-B0E0-00C3079A478F}.Release|x64.ActiveCfg = Release|Any CPU
		{18A0AF2D-7B8C-4A00-B0E0-00C3079A478F}.Release|x64.Build.0 = Release|Any CPU
		{18A0AF2D-7B8C-4A00-B0E0-00C3079A478F}.Release|x86.ActiveCfg = Release|Any CPU
		{18A0AF2D-7B8C-4A00-B0E0-00C3079A478F}.Release|x86.Build.0 = Release|Any CPU
		{C2770C52-9F57-4D28-9782-69629BE622AF}.Ad-Hoc|Any CPU.ActiveCfg = Release|x86
		{C2770C52-9F57-4D28-9782-69629BE622AF}.Ad-Hoc|Any CPU.Build.0 = Release|x86
		{C2770C52-9F57-4D28-9782-69629BE622AF}.Ad-Hoc|Any CPU.Deploy.0 = Release|x86
		{C2770C52-9F57-4D28-9782-69629BE622AF}.Ad-Hoc|ARM.ActiveCfg = Release|ARM
		{C2770C52-9F57-4D28-9782-69629BE622AF}.Ad-Hoc|ARM.Build.0 = Release|ARM
		{C2770C52-9F57-4D28-9782-69629BE622AF}.Ad-Hoc|ARM.Deploy.0 = Release|ARM
		{C2770C52-9F57-4D28-9782-69629BE622AF}.Ad-Hoc|iPhone.ActiveCfg = Release|x86
		{C2770C52-9F57-4D28-9782-69629BE622AF}.Ad-Hoc|iPhone.Build.0 = Release|x86
		{C2770C52-9F57-4D28-9782-69629BE622AF}.Ad-Hoc|iPhone.Deploy.0 = Release|x86
		{C2770C52-9F57-4D28-9782-69629BE622AF}.Ad-Hoc|iPhoneSimulator.ActiveCfg = Release|x86
		{C2770C52-9F57-4D28-9782-69629BE622AF}.Ad-Hoc|iPhoneSimulator.Build.0 = Release|x86
		{C2770C52-9F57-4D28-9782-69629BE622AF}.Ad-Hoc|iPhoneSimulator.Deploy.0 = Release|x86
		{C2770C52-9F57-4D28-9782-69629BE622AF}.Ad-Hoc|x64.ActiveCfg = Release|x64
		{C2770C52-9F57-4D28-9782-69629BE622AF}.Ad-Hoc|x64.Build.0 = Release|x64
		{C2770C52-9F57-4D28-9782-69629BE622AF}.Ad-Hoc|x64.Deploy.0 = Release|x64
		{C2770C52-9F57-4D28-9782-69629BE622AF}.Ad-Hoc|x86.ActiveCfg = Release|x86
		{C2770C52-9F57-4D28-9782-69629BE622AF}.Ad-Hoc|x86.Build.0 = Release|x86
		{C2770C52-9F57-4D28-9782-69629BE622AF}.Ad-Hoc|x86.Deploy.0 = Release|x86
		{C2770C52-9F57-4D28-9782-69629BE622AF}.AppStore|Any CPU.ActiveCfg = Release|x86
		{C2770C52-9F57-4D28-9782-69629BE622AF}.AppStore|Any CPU.Build.0 = Release|x86
		{C2770C52-9F57-4D28-9782-69629BE622AF}.AppStore|Any CPU.Deploy.0 = Release|x86
		{C2770C52-9F57-4D28-9782-69629BE622AF}.AppStore|ARM.ActiveCfg = Release|ARM
		{C2770C52-9F57-4D28-9782-69629BE622AF}.AppStore|ARM.Build.0 = Release|ARM
		{C2770C52-9F57-4D28-9782-69629BE622AF}.AppStore|ARM.Deploy.0 = Release|ARM
		{C2770C52-9F57-4D28-9782-69629BE622AF}.AppStore|iPhone.ActiveCfg = Release|x86
		{C2770C52-9F57-4D28-9782-69629BE622AF}.AppStore|iPhone.Build.0 = Release|x86
		{C2770C52-9F57-4D28-9782-69629BE622AF}.AppStore|iPhone.Deploy.0 = Release|x86
		{C2770C52-9F57-4D28-9782-69629BE622AF}.AppStore|iPhoneSimulator.ActiveCfg = Release|x86
		{C2770C52-9F57-4D28-9782-69629BE622AF}.AppStore|iPhoneSimulator.Build.0 = Release|x86
		{C2770C52-9F57-4D28-9782-69629BE622AF}.AppStore|iPhoneSimulator.Deploy.0 = Release|x86
		{C2770C52-9F57-4D28-9782-69629BE622AF}.AppStore|x64.ActiveCfg = Release|x64
		{C2770C52-9F57-4D28-9782-69629BE622AF}.AppStore|x64.Build.0 = Release|x64
		{C2770C52-9F57-4D28-9782-69629BE622AF}.AppStore|x64.Deploy.0 = Release|x64
		{C2770C52-9F57-4D28-9782-69629BE622AF}.AppStore|x86.ActiveCfg = Release|x86
		{C2770C52-9F57-4D28-9782-69629BE622AF}.AppStore|x86.Build.0 = Release|x86
		{C2770C52-9F57-4D28-9782-69629BE622AF}.AppStore|x86.Deploy.0 = Release|x86
		{C2770C52-9F57-4D28-9782-69629BE622AF}.Debug|Any CPU.ActiveCfg = Debug|x86
		{C2770C52-9F57-4D28-9782-69629BE622AF}.Debug|ARM.ActiveCfg = Debug|ARM
		{C2770C52-9F57-4D28-9782-69629BE622AF}.Debug|ARM.Build.0 = Debug|ARM
		{C2770C52-9F57-4D28-9782-69629BE622AF}.Debug|ARM.Deploy.0 = Debug|ARM
		{C2770C52-9F57-4D28-9782-69629BE622AF}.Debug|iPhone.ActiveCfg = Debug|x86
		{C2770C52-9F57-4D28-9782-69629BE622AF}.Debug|iPhoneSimulator.ActiveCfg = Debug|x86
		{C2770C52-9F57-4D28-9782-69629BE622AF}.Debug|x64.ActiveCfg = Debug|x64
		{C2770C52-9F57-4D28-9782-69629BE622AF}.Debug|x64.Build.0 = Debug|x64
		{C2770C52-9F57-4D28-9782-69629BE622AF}.Debug|x64.Deploy.0 = Debug|x64
		{C2770C52-9F57-4D28-9782-69629BE622AF}.Debug|x86.ActiveCfg = Debug|x86
		{C2770C52-9F57-4D28-9782-69629BE622AF}.Debug|x86.Build.0 = Debug|x86
		{C2770C52-9F57-4D28-9782-69629BE622AF}.Debug|x86.Deploy.0 = Debug|x86
		{C2770C52-9F57-4D28-9782-69629BE622AF}.Release|Any CPU.ActiveCfg = Release|x86
		{C2770C52-9F57-4D28-9782-69629BE622AF}.Release|ARM.ActiveCfg = Release|ARM
		{C2770C52-9F57-4D28-9782-69629BE622AF}.Release|ARM.Build.0 = Release|ARM
		{C2770C52-9F57-4D28-9782-69629BE622AF}.Release|ARM.Deploy.0 = Release|ARM
		{C2770C52-9F57-4D28-9782-69629BE622AF}.Release|iPhone.ActiveCfg = Release|x86
		{C2770C52-9F57-4D28-9782-69629BE622AF}.Release|iPhoneSimulator.ActiveCfg = Release|x86
		{C2770C52-9F57-4D28-9782-69629BE622AF}.Release|x64.ActiveCfg = Release|x64
		{C2770C52-9F57-4D28-9782-69629BE622AF}.Release|x64.Build.0 = Release|x64
		{C2770C52-9F57-4D28-9782-69629BE622AF}.Release|x64.Deploy.0 = Release|x64
		{C2770C52-9F57-4D28-9782-69629BE622AF}.Release|x86.ActiveCfg = Release|x86
		{C2770C52-9F57-4D28-9782-69629BE622AF}.Release|x86.Build.0 = Release|x86
		{C2770C52-9F57-4D28-9782-69629BE622AF}.Release|x86.Deploy.0 = Release|x86
		{8362BF6E-B132-426F-A01B-1C8A2719FDBE}.Ad-Hoc|Any CPU.ActiveCfg = Ad-Hoc|iPhone
		{8362BF6E-B132-426F-A01B-1C8A2719FDBE}.Ad-Hoc|ARM.ActiveCfg = Ad-Hoc|iPhone
		{8362BF6E-B132-426F-A01B-1C8A2719FDBE}.Ad-Hoc|iPhone.ActiveCfg = Ad-Hoc|iPhone
		{8362BF6E-B132-426F-A01B-1C8A2719FDBE}.Ad-Hoc|iPhone.Build.0 = Ad-Hoc|iPhone
		{8362BF6E-B132-426F-A01B-1C8A2719FDBE}.Ad-Hoc|iPhoneSimulator.ActiveCfg = Ad-Hoc|iPhoneSimulator
		{8362BF6E-B132-426F-A01B-1C8A2719FDBE}.Ad-Hoc|iPhoneSimulator.Build.0 = Ad-Hoc|iPhoneSimulator
		{8362BF6E-B132-426F-A01B-1C8A2719FDBE}.Ad-Hoc|x64.ActiveCfg = Ad-Hoc|iPhone
		{8362BF6E-B132-426F-A01B-1C8A2719FDBE}.Ad-Hoc|x86.ActiveCfg = Ad-Hoc|iPhone
		{8362BF6E-B132-426F-A01B-1C8A2719FDBE}.AppStore|Any CPU.ActiveCfg = AppStore|iPhone
		{8362BF6E-B132-426F-A01B-1C8A2719FDBE}.AppStore|ARM.ActiveCfg = AppStore|iPhone
		{8362BF6E-B132-426F-A01B-1C8A2719FDBE}.AppStore|iPhone.ActiveCfg = AppStore|iPhone
		{8362BF6E-B132-426F-A01B-1C8A2719FDBE}.AppStore|iPhone.Build.0 = AppStore|iPhone
		{8362BF6E-B132-426F-A01B-1C8A2719FDBE}.AppStore|iPhoneSimulator.ActiveCfg = AppStore|iPhoneSimulator
		{8362BF6E-B132-426F-A01B-1C8A2719FDBE}.AppStore|iPhoneSimulator.Build.0 = AppStore|iPhoneSimulator
		{8362BF6E-B132-426F-A01B-1C8A2719FDBE}.AppStore|x64.ActiveCfg = AppStore|iPhone
		{8362BF6E-B132-426F-A01B-1C8A2719FDBE}.AppStore|x86.ActiveCfg = AppStore|iPhone
		{8362BF6E-B132-426F-A01B-1C8A2719FDBE}.Debug|Any CPU.ActiveCfg = Debug|iPhone
		{8362BF6E-B132-426F-A01B-1C8A2719FDBE}.Debug|ARM.ActiveCfg = Debug|iPhone
		{8362BF6E-B132-426F-A01B-1C8A2719FDBE}.Debug|iPhone.ActiveCfg = Debug|iPhone
		{8362BF6E-B132-426F-A01B-1C8A2719FDBE}.Debug|iPhone.Build.0 = Debug|iPhone
		{8362BF6E-B132-426F-A01B-1C8A2719FDBE}.Debug|iPhoneSimulator.ActiveCfg = Debug|iPhoneSimulator
		{8362BF6E-B132-426F-A01B-1C8A2719FDBE}.Debug|iPhoneSimulator.Build.0 = Debug|iPhoneSimulator
		{8362BF6E-B132-426F-A01B-1C8A2719FDBE}.Debug|x64.ActiveCfg = Debug|iPhone
		{8362BF6E-B132-426F-A01B-1C8A2719FDBE}.Debug|x86.ActiveCfg = Debug|iPhone
		{8362BF6E-B132-426F-A01B-1C8A2719FDBE}.Release|Any CPU.ActiveCfg = Release|iPhone
		{8362BF6E-B132-426F-A01B-1C8A2719FDBE}.Release|ARM.ActiveCfg = Release|iPhone
		{8362BF6E-B132-426F-A01B-1C8A2719FDBE}.Release|iPhone.ActiveCfg = Release|iPhone
		{8362BF6E-B132-426F-A01B-1C8A2719FDBE}.Release|iPhone.Build.0 = Release|iPhone
		{8362BF6E-B132-426F-A01B-1C8A2719FDBE}.Release|iPhoneSimulator.ActiveCfg = Release|iPhoneSimulator
		{8362BF6E-B132-426F-A01B-1C8A2719FDBE}.Release|iPhoneSimulator.Build.0 = Release|iPhoneSimulator
		{8362BF6E-B132-426F-A01B-1C8A2719FDBE}.Release|x64.ActiveCfg = Release|iPhone
		{8362BF6E-B132-426F-A01B-1C8A2719FDBE}.Release|x86.ActiveCfg = Release|iPhone
	EndGlobalSection
	GlobalSection(SolutionProperties) = preSolution
		HideSolutionNode = FALSE
	EndGlobalSection
	GlobalSection(ExtensibilityGlobals) = postSolution
		SolutionGuid = {AD6D3C29-BA8A-44F8-A285-7C0E28DB0C35}
	EndGlobalSection
EndGlobal
